
Microsoft Visual Studio Solution File, Format Version 12.00
# Visual Studio Version 16
VisualStudioVersion = 16.0.31515.178
MinimumVisualStudioVersion = 10.0.40219.1
Project("{FAE04EC0-301F-11D3-BF4B-00C04F79EFBC}") = "DAL", "DAL\DAL.csproj", "{83041E76-471F-46FC-BA26-18F7B2CEE635}"
EndProject
Project("{FAE04EC0-301F-11D3-BF4B-00C04F79EFBC}") = "DataModel", "DataModel\DataModel.csproj", "{6BA62B61-ECB3-4DF8-962A-D83935D0DB2C}"
EndProject
Project("{FAE04EC0-301F-11D3-BF4B-00C04F79EFBC}") = "CRUD-MVC", "CRUD-MVC\CRUD-MVC.csproj", "{11B13F7A-867B-4B7C-96FE-4698315CF966}"
EndProject
Global
	GlobalSection(SolutionConfigurationPlatforms) = preSolution
		Debug|Any CPU = Debug|Any CPU
		Release|Any CPU = Release|Any CPU
	EndGlobalSection
	GlobalSection(ProjectConfigurationPlatforms) = postSolution
		{83041E76-471F-46FC-BA26-18F7B2CEE635}.Debug|Any CPU.ActiveCfg = Debug|Any CPU
		{83041E76-471F-46FC-BA26-18F7B2CEE635}.Debug|Any CPU.Build.0 = Debug|Any CPU
		{83041E76-471F-46FC-BA26-18F7B2CEE635}.Release|Any CPU.ActiveCfg = Release|Any CPU
		{83041E76-471F-46FC-BA26-18F7B2CEE635}.Release|Any CPU.Build.0 = Release|Any CPU
		{6BA62B61-ECB3-4DF8-962A-D83935D0DB2C}.Debug|Any CPU.ActiveCfg = Debug|Any CPU
		{6BA62B61-ECB3-4DF8-962A-D83935D0DB2C}.Debug|Any CPU.Build.0 = Debug|Any CPU
		{6BA62B61-ECB3-4DF8-962A-D83935D0DB2C}.Release|Any CPU.ActiveCfg = Release|Any CPU
		{6BA62B61-ECB3-4DF8-962A-D83935D0DB2C}.Release|Any CPU.Build.0 = Release|Any CPU
		{11B13F7A-867B-4B7C-96FE-4698315CF966}.Debug|Any CPU.ActiveCfg = Debug|Any CPU
		{11B13F7A-867B-4B7C-96FE-4698315CF966}.Debug|Any CPU.Build.0 = Debug|Any CPU
		{11B13F7A-867B-4B7C-96FE-4698315CF966}.Release|Any CPU.ActiveCfg = Release|Any CPU
		{11B13F7A-867B-4B7C-96FE-4698315CF966}.Release|Any CPU.Build.0 = Release|Any CPU
	EndGlobalSection
	GlobalSection(SolutionProperties) = preSolution
		HideSolutionNode = FALSE
	EndGlobalSection
	GlobalSection(ExtensibilityGlobals) = postSolution
		SolutionGuid = {2468C26F-3151-42DA-A232-4B53DC4865C3}
	EndGlobalSection
EndGlobal
